
Microsoft Visual Studio Solution File, Format Version 12.00
# Visual Studio Version 17
VisualStudioVersion = 17.0.31903.59
MinimumVisualStudioVersion = 10.0.40219.1
Project("{2150E333-8FDC-42A3-9474-1A3956D46DE8}") = "src", "src", "{827E0CD3-B72D-47B6-A68D-7590B98EB39B}"
EndProject
Project("{FAE04EC0-301F-11D3-BF4B-00C04F79EFBC}") = "Domain", "src\Domain\Domain.csproj", "{7C6E247E-C132-406B-8497-DF267AC27A78}"
EndProject
Project("{FAE04EC0-301F-11D3-BF4B-00C04F79EFBC}") = "Application", "src\Application\Application.csproj", "{4175AD21-9588-4C7B-84D5-167519105E0D}"
EndProject
Project("{FAE04EC0-301F-11D3-BF4B-00C04F79EFBC}") = "Infrastructure", "src\Infrastructure\Infrastructure.csproj", "{DF5D6A0D-1E16-4BA8-A87F-9CD2917CF394}"
EndProject
Project("{FAE04EC0-301F-11D3-BF4B-00C04F79EFBC}") = "Api", "src\Api\Api.csproj", "{8D786D41-BC47-4D95-9BA6-FE0C349C33F7}"
EndProject
Project("{2150E333-8FDC-42A3-9474-1A3956D46DE8}") = "tests", "tests", "{0AB3BF05-4346-4AA6-1389-037BE0695223}"
EndProject
Project("{FAE04EC0-301F-11D3-BF4B-00C04F79EFBC}") = "Domain.Tests", "tests\Domain.Tests\Domain.Tests.csproj", "{5CBBAE3B-1772-4760-A3BF-9E158DC15034}"
EndProject
Global
	GlobalSection(SolutionConfigurationPlatforms) = preSolution
		Debug|Any CPU = Debug|Any CPU
		Debug|x64 = Debug|x64
		Debug|x86 = Debug|x86
		Release|Any CPU = Release|Any CPU
		Release|x64 = Release|x64
		Release|x86 = Release|x86
	EndGlobalSection
	GlobalSection(ProjectConfigurationPlatforms) = postSolution
		{7C6E247E-C132-406B-8497-DF267AC27A78}.Debug|Any CPU.ActiveCfg = Debug|Any CPU
		{7C6E247E-C132-406B-8497-DF267AC27A78}.Debug|Any CPU.Build.0 = Debug|Any CPU
		{7C6E247E-C132-406B-8497-DF267AC27A78}.Debug|x64.ActiveCfg = Debug|Any CPU
		{7C6E247E-C132-406B-8497-DF267AC27A78}.Debug|x64.Build.0 = Debug|Any CPU
		{7C6E247E-C132-406B-8497-DF267AC27A78}.Debug|x86.ActiveCfg = Debug|Any CPU
		{7C6E247E-C132-406B-8497-DF267AC27A78}.Debug|x86.Build.0 = Debug|Any CPU
		{7C6E247E-C132-406B-8497-DF267AC27A78}.Release|Any CPU.ActiveCfg = Release|Any CPU
		{7C6E247E-C132-406B-8497-DF267AC27A78}.Release|Any CPU.Build.0 = Release|Any CPU
		{7C6E247E-C132-406B-8497-DF267AC27A78}.Release|x64.ActiveCfg = Release|Any CPU
		{7C6E247E-C132-406B-8497-DF267AC27A78}.Release|x64.Build.0 = Release|Any CPU
		{7C6E247E-C132-406B-8497-DF267AC27A78}.Release|x86.ActiveCfg = Release|Any CPU
		{7C6E247E-C132-406B-8497-DF267AC27A78}.Release|x86.Build.0 = Release|Any CPU
		{4175AD21-9588-4C7B-84D5-167519105E0D}.Debug|Any CPU.ActiveCfg = Debug|Any CPU
		{4175AD21-9588-4C7B-84D5-167519105E0D}.Debug|Any CPU.Build.0 = Debug|Any CPU
		{4175AD21-9588-4C7B-84D5-167519105E0D}.Debug|x64.ActiveCfg = Debug|Any CPU
		{4175AD21-9588-4C7B-84D5-167519105E0D}.Debug|x64.Build.0 = Debug|Any CPU
		{4175AD21-9588-4C7B-84D5-167519105E0D}.Debug|x86.ActiveCfg = Debug|Any CPU
		{4175AD21-9588-4C7B-84D5-167519105E0D}.Debug|x86.Build.0 = Debug|Any CPU
		{4175AD21-9588-4C7B-84D5-167519105E0D}.Release|Any CPU.ActiveCfg = Release|Any CPU
		{4175AD21-9588-4C7B-84D5-167519105E0D}.Release|Any CPU.Build.0 = Release|Any CPU
		{4175AD21-9588-4C7B-84D5-167519105E0D}.Release|x64.ActiveCfg = Release|Any CPU
		{4175AD21-9588-4C7B-84D5-167519105E0D}.Release|x64.Build.0 = Release|Any CPU
		{4175AD21-9588-4C7B-84D5-167519105E0D}.Release|x86.ActiveCfg = Release|Any CPU
		{4175AD21-9588-4C7B-84D5-167519105E0D}.Release|x86.Build.0 = Release|Any CPU
		{DF5D6A0D-1E16-4BA8-A87F-9CD2917CF394}.Debug|Any CPU.ActiveCfg = Debug|Any CPU
		{DF5D6A0D-1E16-4BA8-A87F-9CD2917CF394}.Debug|Any CPU.Build.0 = Debug|Any CPU
		{DF5D6A0D-1E16-4BA8-A87F-9CD2917CF394}.Debug|x64.ActiveCfg = Debug|Any CPU
		{DF5D6A0D-1E16-4BA8-A87F-9CD2917CF394}.Debug|x64.Build.0 = Debug|Any CPU
		{DF5D6A0D-1E16-4BA8-A87F-9CD2917CF394}.Debug|x86.ActiveCfg = Debug|Any CPU
		{DF5D6A0D-1E16-4BA8-A87F-9CD2917CF394}.Debug|x86.Build.0 = Debug|Any CPU
		{DF5D6A0D-1E16-4BA8-A87F-9CD2917CF394}.Release|Any CPU.ActiveCfg = Release|Any CPU
		{DF5D6A0D-1E16-4BA8-A87F-9CD2917CF394}.Release|Any CPU.Build.0 = Release|Any CPU
		{DF5D6A0D-1E16-4BA8-A87F-9CD2917CF394}.Release|x64.ActiveCfg = Release|Any CPU
		{DF5D6A0D-1E16-4BA8-A87F-9CD2917CF394}.Release|x64.Build.0 = Release|Any CPU
		{DF5D6A0D-1E16-4BA8-A87F-9CD2917CF394}.Release|x86.ActiveCfg = Release|Any CPU
		{DF5D6A0D-1E16-4BA8-A87F-9CD2917CF394}.Release|x86.Build.0 = Release|Any CPU
		{8D786D41-BC47-4D95-9BA6-FE0C349C33F7}.Debug|Any CPU.ActiveCfg = Debug|Any CPU
		{8D786D41-BC47-4D95-9BA6-FE0C349C33F7}.Debug|Any CPU.Build.0 = Debug|Any CPU
		{8D786D41-BC47-4D95-9BA6-FE0C349C33F7}.Debug|x64.ActiveCfg = Debug|Any CPU
		{8D786D41-BC47-4D95-9BA6-FE0C349C33F7}.Debug|x64.Build.0 = Debug|Any CPU
		{8D786D41-BC47-4D95-9BA6-FE0C349C33F7}.Debug|x86.ActiveCfg = Debug|Any CPU
		{8D786D41-BC47-4D95-9BA6-FE0C349C33F7}.Debug|x86.Build.0 = Debug|Any CPU
		{8D786D41-BC47-4D95-9BA6-FE0C349C33F7}.Release|Any CPU.ActiveCfg = Release|Any CPU
		{8D786D41-BC47-4D95-9BA6-FE0C349C33F7}.Release|Any CPU.Build.0 = Release|Any CPU
		{8D786D41-BC47-4D95-9BA6-FE0C349C33F7}.Release|x64.ActiveCfg = Release|Any CPU
		{8D786D41-BC47-4D95-9BA6-FE0C349C33F7}.Release|x64.Build.0 = Release|Any CPU
		{8D786D41-BC47-4D95-9BA6-FE0C349C33F7}.Release|x86.ActiveCfg = Release|Any CPU
		{8D786D41-BC47-4D95-9BA6-FE0C349C33F7}.Release|x86.Build.0 = Release|Any CPU
		{5CBBAE3B-1772-4760-A3BF-9E158DC15034}.Debug|Any CPU.ActiveCfg = Debug|Any CPU
		{5CBBAE3B-1772-4760-A3BF-9E158DC15034}.Debug|Any CPU.Build.0 = Debug|Any CPU
		{5CBBAE3B-1772-4760-A3BF-9E158DC15034}.Debug|x64.ActiveCfg = Debug|Any CPU
		{5CBBAE3B-1772-4760-A3BF-9E158DC15034}.Debug|x64.Build.0 = Debug|Any CPU
		{5CBBAE3B-1772-4760-A3BF-9E158DC15034}.Debug|x86.ActiveCfg = Debug|Any CPU
		{5CBBAE3B-1772-4760-A3BF-9E158DC15034}.Debug|x86.Build.0 = Debug|Any CPU
		{5CBBAE3B-1772-4760-A3BF-9E158DC15034}.Release|Any CPU.ActiveCfg = Release|Any CPU
		{5CBBAE3B-1772-4760-A3BF-9E158DC15034}.Release|Any CPU.Build.0 = Release|Any CPU
		{5CBBAE3B-1772-4760-A3BF-9E158DC15034}.Release|x64.ActiveCfg = Release|Any CPU
		{5CBBAE3B-1772-4760-A3BF-9E158DC15034}.Release|x64.Build.0 = Release|Any CPU
		{5CBBAE3B-1772-4760-A3BF-9E158DC15034}.Release|x86.ActiveCfg = Release|Any CPU
		{5CBBAE3B-1772-4760-A3BF-9E158DC15034}.Release|x86.Build.0 = Release|Any CPU
	EndGlobalSection
	GlobalSection(SolutionProperties) = preSolution
		HideSolutionNode = FALSE
	EndGlobalSection
	GlobalSection(NestedProjects) = preSolution
		{7C6E247E-C132-406B-8497-DF267AC27A78} = {827E0CD3-B72D-47B6-A68D-7590B98EB39B}
		{4175AD21-9588-4C7B-84D5-167519105E0D} = {827E0CD3-B72D-47B6-A68D-7590B98EB39B}
		{DF5D6A0D-1E16-4BA8-A87F-9CD2917CF394} = {827E0CD3-B72D-47B6-A68D-7590B98EB39B}
		{8D786D41-BC47-4D95-9BA6-FE0C349C33F7} = {827E0CD3-B72D-47B6-A68D-7590B98EB39B}
		{5CBBAE3B-1772-4760-A3BF-9E158DC15034} = {0AB3BF05-4346-4AA6-1389-037BE0695223}
	EndGlobalSection
EndGlobal
